{
  "name": "tiki-flash",
  "version": "0.1.0",
  "lockfileVersion": 1,
  "requires": true,
  "dependencies": {
    "@babel/runtime": {
      "version": "7.18.6",
      "resolved": "https://registry.npmjs.org/@babel/runtime/-/runtime-7.18.6.tgz",
      "integrity": "sha512-t9wi7/AW6XtKahAe20Yw0/mMljKq0B1r2fPdvaAdV/KPDZewFXdaaa6K7lxmZBZ8FBNpCiAT6iHPmd6QO9bKfQ==",
      "requires": {
        "regenerator-runtime": "^0.13.4"
      }
    },
    "@tiki.vn/tini-style": {
      "version": "0.10.0",
      "resolved": "https://registry.npmjs.org/@tiki.vn/tini-style/-/tini-style-0.10.0.tgz",
      "integrity": "sha512-AfgLLiFuroW9FWspV1c4fN0EJXbibmKEgos6JZmIV4VouOsLjJfE+UuoX6hKrdA6932jx0LlT2RQ9Si9ISy5qw=="
    },
    "@tiki.vn/tini-types": {
      "version": "0.3.0",
      "resolved": "https://registry.npmjs.org/@tiki.vn/tini-types/-/tini-types-0.3.0.tgz",
      "integrity": "sha512-10fA88VeM39M+TL7gztCZZnJ0c0RCgX1YN4sTMcGVa8t5YmpbpNVDxEwueZGHT3sZRLRqLzpym44ckpTpUIjUA=="
    },
    "@tiki.vn/tini-ui": {
      "version": "0.10.0",
      "resolved": "https://registry.npmjs.org/@tiki.vn/tini-ui/-/tini-ui-0.10.0.tgz",
      "integrity": "sha512-2F0XkNxHo+VecONz4ucd68OoG6HLcefZ6Yo2BocS1t3WrjVscrSUtJBTlI3jalMjdbsuriD2iVxseY2u754UZg==",
      "requires": {
        "@babel/runtime": "^7.15.3",
        "@tiki.vn/tini-style": "0.10.0"
      }
    },
    "@types/lodash": {
      "version": "4.14.182",
      "resolved": "https://registry.npmjs.org/@types/lodash/-/lodash-4.14.182.tgz",
      "integrity": "sha512-/THyiqyQAP9AfARo4pF+aCGcyiQ94tX/Is2I7HofNRqoYLgN1PBoOWu2/zTA5zMxzP5EFutMtWtGAFRKUe961Q=="
    },
    "@types/lodash-es": {
      "version": "4.17.6",
      "resolved": "https://registry.npmjs.org/@types/lodash-es/-/lodash-es-4.17.6.tgz",
      "integrity": "sha512-R+zTeVUKDdfoRxpAryaQNRKk3105Rrgx2CFRClIgRGaqDTdjsm8h6IYA8ir584W3ePzkZfst5xIgDwYrlh9HLg==",
      "requires": {
        "@types/lodash": "*"
      }
    },
    "lodash-es": {
      "version": "4.17.21",
      "resolved": "https://registry.npmjs.org/lodash-es/-/lodash-es-4.17.21.tgz",
      "integrity": "sha512-mKnC+QJ9pWVzv+C4/U3rRsHapFfHvQFoFB92e52xeyGMcX6/OlIl78je1u8vePzYZSkkogMPJ2yjxxsb89cxyw=="
    },
    "prettier": {
      "version": "2.7.1",
      "resolved": "https://registry.npmjs.org/prettier/-/prettier-2.7.1.tgz",
      "integrity": "sha512-ujppO+MkdPqoVINuDFDRLClm7D78qbDt0/NR+wp5FqEZOoTNAjPHWj17QRhu7geIHJfcNhRk1XVQmF8Bp3ye+g==",
      "dev": true
    },
    "regenerator-runtime": {
      "version": "0.13.9",
      "resolved": "https://registry.npmjs.org/regenerator-runtime/-/regenerator-runtime-0.13.9.tgz",
      "integrity": "sha512-p3VT+cOEgxFsRRA9X4lkI1E+k2/CtnKtU4gcxyaCUreilL/vqI6CdZ3wxVUx3UOUg+gnUOQQcRI7BmSI656MYA=="
    }
  }
}
